
Microsoft Visual Studio Solution File, Format Version 12.00
# Visual Studio Version 17
VisualStudioVersion = 17.5.002.0
MinimumVisualStudioVersion = 10.0.40219.1
Project("{9A19103F-16F7-4668-BE54-9A1E7A4F7556}") = "Admin", "Admin\Admin.csproj", "{6F475456-936D-4712-A621-557B6D6D88D5}"
EndProject
Project("{9A19103F-16F7-4668-BE54-9A1E7A4F7556}") = "BackEnd", "BackEnd\BackEnd.csproj", "{B228681E-75F5-4521-8E08-C954FD257B39}"
EndProject
Project("{9A19103F-16F7-4668-BE54-9A1E7A4F7556}") = "FrontEnd", "FrontEnd\FrontEnd.csproj", "{68B3FF2B-96CF-4437-BD8A-D9B46E675016}"
EndProject
Global
	GlobalSection(SolutionConfigurationPlatforms) = preSolution
		Debug|Any CPU = Debug|Any CPU
		Release|Any CPU = Release|Any CPU
	EndGlobalSection
	GlobalSection(ProjectConfigurationPlatforms) = postSolution
		{6F475456-936D-4712-A621-557B6D6D88D5}.Debug|Any CPU.ActiveCfg = Debug|Any CPU
		{6F475456-936D-4712-A621-557B6D6D88D5}.Debug|Any CPU.Build.0 = Debug|Any CPU
		{6F475456-936D-4712-A621-557B6D6D88D5}.Release|Any CPU.ActiveCfg = Release|Any CPU
		{6F475456-936D-4712-A621-557B6D6D88D5}.Release|Any CPU.Build.0 = Release|Any CPU
		{B228681E-75F5-4521-8E08-C954FD257B39}.Debug|Any CPU.ActiveCfg = Debug|Any CPU
		{B228681E-75F5-4521-8E08-C954FD257B39}.Debug|Any CPU.Build.0 = Debug|Any CPU
		{B228681E-75F5-4521-8E08-C954FD257B39}.Release|Any CPU.ActiveCfg = Release|Any CPU
		{B228681E-75F5-4521-8E08-C954FD257B39}.Release|Any CPU.Build.0 = Release|Any CPU
		{68B3FF2B-96CF-4437-BD8A-D9B46E675016}.Debug|Any CPU.ActiveCfg = Debug|Any CPU
		{68B3FF2B-96CF-4437-BD8A-D9B46E675016}.Debug|Any CPU.Build.0 = Debug|Any CPU
		{68B3FF2B-96CF-4437-BD8A-D9B46E675016}.Release|Any CPU.ActiveCfg = Release|Any CPU
		{68B3FF2B-96CF-4437-BD8A-D9B46E675016}.Release|Any CPU.Build.0 = Release|Any CPU
	EndGlobalSection
	GlobalSection(SolutionProperties) = preSolution
		HideSolutionNode = FALSE
	EndGlobalSection
	GlobalSection(ExtensibilityGlobals) = postSolution
		SolutionGuid = {3986EC07-46D8-4EE1-915F-41A7F822AA8E}
	EndGlobalSection
EndGlobal
